
Microsoft Visual Studio Solution File, Format Version 12.00
# Visual Studio Version 16
VisualStudioVersion = 16.0.31005.135
MinimumVisualStudioVersion = 10.0.40219.1
Project("{FAE04EC0-301F-11D3-BF4B-00C04F79EFBC}") = "Editor C Sharp", "Editor C Sharp.csproj", "{3560E68B-7032-47A1-9547-4F5A9F5F53F1}"
EndProject
Global
	GlobalSection(SolutionConfigurationPlatforms) = preSolution
		Debug|Any CPU = Debug|Any CPU
		Release|Any CPU = Release|Any CPU
	EndGlobalSection
	GlobalSection(ProjectConfigurationPlatforms) = postSolution
		{3560E68B-7032-47A1-9547-4F5A9F5F53F1}.Debug|Any CPU.ActiveCfg = Debug|Any CPU
		{3560E68B-7032-47A1-9547-4F5A9F5F53F1}.Debug|Any CPU.Build.0 = Debug|Any CPU
		{3560E68B-7032-47A1-9547-4F5A9F5F53F1}.Release|Any CPU.ActiveCfg = Release|Any CPU
		{3560E68B-7032-47A1-9547-4F5A9F5F53F1}.Release|Any CPU.Build.0 = Release|Any CPU
	EndGlobalSection
	GlobalSection(SolutionProperties) = preSolution
		HideSolutionNode = FALSE
	EndGlobalSection
	GlobalSection(ExtensibilityGlobals) = postSolution
		SolutionGuid = {709D5243-D9DB-4CD0-B23A-DBB625ACD4F8}
	EndGlobalSection
EndGlobal
